{
    "_readme": [
        "This file locks the dependencies of your project to a known state",
        "Read more about it at https://getcomposer.org/doc/01-basic-usage.md#installing-dependencies",
        "This file is @generated automatically"
    ],
    "content-hash": "cfe0c7a262fb920228c551cd47f15dce",
    "packages": [
        {
            "name": "composer/installers",
            "version": "v1.7.0",
            "source": {
                "type": "git",
                "url": "https://github.com/composer/installers.git",
                "reference": "141b272484481432cda342727a427dc1e206bfa0"
            },
            "dist": {
                "type": "zip",
                "url": "https://api.github.com/repos/composer/installers/zipball/141b272484481432cda342727a427dc1e206bfa0",
                "reference": "141b272484481432cda342727a427dc1e206bfa0",
                "shasum": ""
            },
            "require": {
                "composer-plugin-api": "^1.0"
            },
            "replace": {
                "roundcube/plugin-installer": "*",
                "shama/baton": "*"
            },
            "require-dev": {
                "composer/composer": "1.0.*@dev",
                "phpunit/phpunit": "^4.8.36"
            },
            "type": "composer-plugin",
            "extra": {
                "class": "Composer\\Installers\\Plugin",
                "branch-alias": {
                    "dev-master": "1.0-dev"
                }
            },
            "autoload": {
                "psr-4": {
                    "Composer\\Installers\\": "src/Composer/Installers"
                }
            },
            "notification-url": "https://packagist.org/downloads/",
            "license": [
                "MIT"
            ],
            "authors": [
                {
                    "name": "Kyle Robinson Young",
                    "email": "kyle@dontkry.com",
                    "homepage": "https://github.com/shama"
                }
            ],
            "description": "A multi-framework Composer library installer",
            "homepage": "https://composer.github.io/installers/",
            "keywords": [
                "Craft",
                "Dolibarr",
                "Eliasis",
                "Hurad",
                "ImageCMS",
                "Kanboard",
                "Lan Management System",
                "MODX Evo",
                "Mautic",
                "Maya",
                "OXID",
                "Plentymarkets",
                "Porto",
                "RadPHP",
                "SMF",
                "Thelia",
                "Whmcs",
                "WolfCMS",
                "agl",
                "aimeos",
                "annotatecms",
                "attogram",
                "bitrix",
                "cakephp",
                "chef",
                "cockpit",
                "codeigniter",
                "concrete5",
                "croogo",
                "dokuwiki",
                "drupal",
                "eZ Platform",
                "elgg",
                "expressionengine",
                "fuelphp",
                "grav",
                "installer",
                "itop",
                "joomla",
                "known",
                "kohana",
                "laravel",
                "lavalite",
                "lithium",
                "magento",
                "majima",
                "mako",
                "mediawiki",
                "modulework",
                "modx",
                "moodle",
                "osclass",
                "phpbb",
                "piwik",
                "ppi",
                "puppet",
                "pxcms",
                "reindex",
                "roundcube",
                "shopware",
                "silverstripe",
                "sydes",
                "symfony",
                "typo3",
                "wordpress",
                "yawik",
                "zend",
                "zikula"
            ],
            "time": "2019-08-12T15:00:31+00:00"
        },
        {
            "name": "ninnypants/cwp-theme",
            "version": "dev-master",
            "source": {
                "type": "git",
                "url": "git@github.com:ninnypants/cwp-theme.git",
                "reference": "bdbfa794b1b0a95e6d9f821e4e7ee39f4a42fb49"
            },
            "dist": {
                "type": "zip",
                "url": "https://api.github.com/repos/ninnypants/cwp-theme/zipball/bdbfa794b1b0a95e6d9f821e4e7ee39f4a42fb49",
                "reference": "bdbfa794b1b0a95e6d9f821e4e7ee39f4a42fb49",
                "shasum": ""
            },
            "type": "wordpress-theme",
            "autoload": {
                "psr-4": {
                    "CWP\\": "includes/CWP"
                }
            },
            "license": [
                "GPL2"
            ],
            "authors": [
                {
                    "name": "Tyrel Kelsey",
                    "email": "tyrel@ninnypants.com"
                }
            ],
            "description": "Composer example theme.",
            "time": "2019-10-11T02:46:02+00:00"
        },
        {
            "name": "strategy11/formidable-pro",
            "version": "4.02.03",
            "dist": {
                "type": "zip",
                "url": "artifacts/strategy11-formidable-pro-4.02.03.zip",
                "shasum": "9e7c4f1e3767ecda288d1ad662c59af5fb193978"
            },
            "type": "wordpress-plugin",
            "license": [
                "GPLv3"
            ]
        },
        {
            "name": "wpackagist-plugin/formidable",
            "version": "4.03",
            "source": {
                "type": "svn",
                "url": "https://plugins.svn.wordpress.org/formidable/",
                "reference": "tags/4.03"
            },
            "dist": {
                "type": "zip",
                "url": "https://downloads.wordpress.org/plugin/formidable.4.03.zip"
            },
            "require": {
                "composer/installers": "~1.0"
            },
            "type": "wordpress-plugin",
            "homepage": "https://wordpress.org/plugins/formidable/"
        },
        {
            "name": "wpackagist-plugin/wordpress-seo",
            "version": "12.2",
            "source": {
                "type": "svn",
                "url": "https://plugins.svn.wordpress.org/wordpress-seo/",
                "reference": "tags/12.2"
            },
            "dist": {
                "type": "zip",
                "url": "https://downloads.wordpress.org/plugin/wordpress-seo.12.2.zip"
            },
            "require": {
                "composer/installers": "~1.0"
            },
            "type": "wordpress-plugin",
            "homepage": "https://wordpress.org/plugins/wordpress-seo/"
        }
    ],
    "packages-dev": [],
    "aliases": [],
    "minimum-stability": "stable",
    "stability-flags": {
        "ninnypants/cwp-theme": 20
    },
    "prefer-stable": false,
    "prefer-lowest": false,
    "platform": [],
    "platform-dev": []
}
